
Microsoft Visual Studio Solution File, Format Version 12.00
# Visual Studio Version 17
VisualStudioVersion = 17.3.32804.467
MinimumVisualStudioVersion = 10.0.40219.1
Project("{FAE04EC0-301F-11D3-BF4B-00C04F79EFBC}") = "labo3HW", "labo3HW\labo3HW.csproj", "{73E77DC8-9A61-4753-B7D4-1DB31B74C83F}"
EndProject
Global
	GlobalSection(SolutionConfigurationPlatforms) = preSolution
		Debug|Any CPU = Debug|Any CPU
		Release|Any CPU = Release|Any CPU
	EndGlobalSection
	GlobalSection(ProjectConfigurationPlatforms) = postSolution
		{73E77DC8-9A61-4753-B7D4-1DB31B74C83F}.Debug|Any CPU.ActiveCfg = Debug|Any CPU
		{73E77DC8-9A61-4753-B7D4-1DB31B74C83F}.Debug|Any CPU.Build.0 = Debug|Any CPU
		{73E77DC8-9A61-4753-B7D4-1DB31B74C83F}.Release|Any CPU.ActiveCfg = Release|Any CPU
		{73E77DC8-9A61-4753-B7D4-1DB31B74C83F}.Release|Any CPU.Build.0 = Release|Any CPU
	EndGlobalSection
	GlobalSection(SolutionProperties) = preSolution
		HideSolutionNode = FALSE
	EndGlobalSection
	GlobalSection(ExtensibilityGlobals) = postSolution
		SolutionGuid = {957D52CA-502B-4479-937D-36A1C9E788E5}
	EndGlobalSection
EndGlobal
